
Microsoft Visual Studio Solution File, Format Version 12.00
# Visual Studio 15
VisualStudioVersion = 15.0.26730.16
MinimumVisualStudioVersion = 10.0.40219.1
Project("{FAE04EC0-301F-11D3-BF4B-00C04F79EFBC}") = "lab2", "lab2\lab2.csproj", "{78A9A62A-C5FD-4C9B-8D4F-732BF9CC421E}"
EndProject
Project("{FAE04EC0-301F-11D3-BF4B-00C04F79EFBC}") = "PluginInterfaces", "PluginInterfaces\PluginInterfaces.csproj", "{500A7228-1D49-4513-95A0-64658F61886B}"
EndProject
Project("{FAE04EC0-301F-11D3-BF4B-00C04F79EFBC}") = "AquaStylePlugin", "AquaStylePlugin\AquaStylePlugin.csproj", "{8A190EB2-9932-487C-A715-B85E7050AEA3}"
EndProject
Global
	GlobalSection(SolutionConfigurationPlatforms) = preSolution
		Debug|Any CPU = Debug|Any CPU
		Release|Any CPU = Release|Any CPU
	EndGlobalSection
	GlobalSection(ProjectConfigurationPlatforms) = postSolution
		{78A9A62A-C5FD-4C9B-8D4F-732BF9CC421E}.Debug|Any CPU.ActiveCfg = Debug|Any CPU
		{78A9A62A-C5FD-4C9B-8D4F-732BF9CC421E}.Debug|Any CPU.Build.0 = Debug|Any CPU
		{78A9A62A-C5FD-4C9B-8D4F-732BF9CC421E}.Release|Any CPU.ActiveCfg = Release|Any CPU
		{78A9A62A-C5FD-4C9B-8D4F-732BF9CC421E}.Release|Any CPU.Build.0 = Release|Any CPU
		{500A7228-1D49-4513-95A0-64658F61886B}.Debug|Any CPU.ActiveCfg = Debug|Any CPU
		{500A7228-1D49-4513-95A0-64658F61886B}.Debug|Any CPU.Build.0 = Debug|Any CPU
		{500A7228-1D49-4513-95A0-64658F61886B}.Release|Any CPU.ActiveCfg = Release|Any CPU
		{500A7228-1D49-4513-95A0-64658F61886B}.Release|Any CPU.Build.0 = Release|Any CPU
		{8A190EB2-9932-487C-A715-B85E7050AEA3}.Debug|Any CPU.ActiveCfg = Debug|Any CPU
		{8A190EB2-9932-487C-A715-B85E7050AEA3}.Debug|Any CPU.Build.0 = Debug|Any CPU
		{8A190EB2-9932-487C-A715-B85E7050AEA3}.Release|Any CPU.ActiveCfg = Release|Any CPU
		{8A190EB2-9932-487C-A715-B85E7050AEA3}.Release|Any CPU.Build.0 = Release|Any CPU
	EndGlobalSection
	GlobalSection(SolutionProperties) = preSolution
		HideSolutionNode = FALSE
	EndGlobalSection
	GlobalSection(ExtensibilityGlobals) = postSolution
		SolutionGuid = {8E90FEDB-5270-4122-A783-984D14C33810}
	EndGlobalSection
EndGlobal
